{
  "requires": true,
  "lockfileVersion": 1,
  "dependencies": {
    "loadsh": {
      "version": "0.0.4",
      "resolved": "https://registry.npmjs.org/loadsh/-/loadsh-0.0.4.tgz",
      "integrity": "sha512-U+wLL8InpfRalWrr+0SuhWgGt10M4OyAk6G8xCYo2rwpiHtxZkWiFpjei0vO463ghW8LPCdhqQxXlMy2qicAEw=="
    },
    "loadsh-fill-test": {
      "version": "1.0.0",
      "resolved": "https://registry.npmjs.org/loadsh-fill-test/-/loadsh-fill-test-1.0.0.tgz",
      "integrity": "sha512-iIjq80EyWtpCabXsKv8sBIKDDsxNY97vUUNdR36o4rlwS8hZ8P5UGU6Y/OvsjjEqlCKmC2a4ZDXKOPd2qwG3Mw==",
      "requires": {
        "loadsh": "0.0.4"
      }
    }
  }
}
